
Microsoft Visual Studio Solution File, Format Version 12.00
# Visual Studio Version 17
VisualStudioVersion = 17.8.34511.84
MinimumVisualStudioVersion = 10.0.40219.1
Project("{FAE04EC0-301F-11D3-BF4B-00C04F79EFBC}") = "CEA.Domain", "CEA.Domain\CEA.Domain.csproj", "{FC7C6269-2781-4F5F-94A5-6715E62CC9A9}"
EndProject
Project("{FAE04EC0-301F-11D3-BF4B-00C04F79EFBC}") = "CEA.Application", "CEA.Application\CEA.Application.csproj", "{F0421E45-8A1D-43D4-859A-FAD7643B8FAB}"
EndProject
Project("{2150E333-8FDC-42A3-9474-1A3956D46DE8}") = "Core", "Core", "{5FBDCBC4-4F1C-437D-A1D9-EC14765F2487}"
EndProject
Project("{2150E333-8FDC-42A3-9474-1A3956D46DE8}") = "Shared", "Shared", "{099E8AFD-0CE5-4690-B05A-B0832C465CE1}"
EndProject
Project("{FAE04EC0-301F-11D3-BF4B-00C04F79EFBC}") = "CEA.Shared", "CEA.Shared\CEA.Shared.csproj", "{41E6D215-887E-4F13-9435-DFB0B5E25776}"
EndProject
Project("{2150E333-8FDC-42A3-9474-1A3956D46DE8}") = "Infrastructure", "Infrastructure", "{8262F5CE-E353-46B3-9FD0-D94DBFB4202F}"
EndProject
Project("{FAE04EC0-301F-11D3-BF4B-00C04F79EFBC}") = "CEA.Infrastructure", "CEA.Infrastructure\CEA.Infrastructure.csproj", "{64000134-E440-43B9-9723-5341CB138214}"
EndProject
Project("{FAE04EC0-301F-11D3-BF4B-00C04F79EFBC}") = "CEA.Persistence", "CEA.Persistence\CEA.Persistence.csproj", "{6AAA5AF2-EEAD-4E6A-B99B-A848A6E8744D}"
EndProject
Global
	GlobalSection(SolutionConfigurationPlatforms) = preSolution
		Debug|Any CPU = Debug|Any CPU
		Release|Any CPU = Release|Any CPU
	EndGlobalSection
	GlobalSection(ProjectConfigurationPlatforms) = postSolution
		{FC7C6269-2781-4F5F-94A5-6715E62CC9A9}.Debug|Any CPU.ActiveCfg = Debug|Any CPU
		{FC7C6269-2781-4F5F-94A5-6715E62CC9A9}.Debug|Any CPU.Build.0 = Debug|Any CPU
		{FC7C6269-2781-4F5F-94A5-6715E62CC9A9}.Release|Any CPU.ActiveCfg = Release|Any CPU
		{FC7C6269-2781-4F5F-94A5-6715E62CC9A9}.Release|Any CPU.Build.0 = Release|Any CPU
		{F0421E45-8A1D-43D4-859A-FAD7643B8FAB}.Debug|Any CPU.ActiveCfg = Debug|Any CPU
		{F0421E45-8A1D-43D4-859A-FAD7643B8FAB}.Debug|Any CPU.Build.0 = Debug|Any CPU
		{F0421E45-8A1D-43D4-859A-FAD7643B8FAB}.Release|Any CPU.ActiveCfg = Release|Any CPU
		{F0421E45-8A1D-43D4-859A-FAD7643B8FAB}.Release|Any CPU.Build.0 = Release|Any CPU
		{41E6D215-887E-4F13-9435-DFB0B5E25776}.Debug|Any CPU.ActiveCfg = Debug|Any CPU
		{41E6D215-887E-4F13-9435-DFB0B5E25776}.Debug|Any CPU.Build.0 = Debug|Any CPU
		{41E6D215-887E-4F13-9435-DFB0B5E25776}.Release|Any CPU.ActiveCfg = Release|Any CPU
		{41E6D215-887E-4F13-9435-DFB0B5E25776}.Release|Any CPU.Build.0 = Release|Any CPU
		{64000134-E440-43B9-9723-5341CB138214}.Debug|Any CPU.ActiveCfg = Debug|Any CPU
		{64000134-E440-43B9-9723-5341CB138214}.Debug|Any CPU.Build.0 = Debug|Any CPU
		{64000134-E440-43B9-9723-5341CB138214}.Release|Any CPU.ActiveCfg = Release|Any CPU
		{64000134-E440-43B9-9723-5341CB138214}.Release|Any CPU.Build.0 = Release|Any CPU
		{6AAA5AF2-EEAD-4E6A-B99B-A848A6E8744D}.Debug|Any CPU.ActiveCfg = Debug|Any CPU
		{6AAA5AF2-EEAD-4E6A-B99B-A848A6E8744D}.Debug|Any CPU.Build.0 = Debug|Any CPU
		{6AAA5AF2-EEAD-4E6A-B99B-A848A6E8744D}.Release|Any CPU.ActiveCfg = Release|Any CPU
		{6AAA5AF2-EEAD-4E6A-B99B-A848A6E8744D}.Release|Any CPU.Build.0 = Release|Any CPU
	EndGlobalSection
	GlobalSection(SolutionProperties) = preSolution
		HideSolutionNode = FALSE
	EndGlobalSection
	GlobalSection(NestedProjects) = preSolution
		{FC7C6269-2781-4F5F-94A5-6715E62CC9A9} = {5FBDCBC4-4F1C-437D-A1D9-EC14765F2487}
		{F0421E45-8A1D-43D4-859A-FAD7643B8FAB} = {5FBDCBC4-4F1C-437D-A1D9-EC14765F2487}
		{41E6D215-887E-4F13-9435-DFB0B5E25776} = {099E8AFD-0CE5-4690-B05A-B0832C465CE1}
		{64000134-E440-43B9-9723-5341CB138214} = {8262F5CE-E353-46B3-9FD0-D94DBFB4202F}
		{6AAA5AF2-EEAD-4E6A-B99B-A848A6E8744D} = {8262F5CE-E353-46B3-9FD0-D94DBFB4202F}
	EndGlobalSection
	GlobalSection(ExtensibilityGlobals) = postSolution
		SolutionGuid = {E3D96F7A-D284-4E63-99C7-E4880A7D0CCC}
	EndGlobalSection
EndGlobal
